
Microsoft Visual Studio Solution File, Format Version 12.00
# Visual Studio Version 17
VisualStudioVersion = 17.8.34511.84
MinimumVisualStudioVersion = 10.0.40219.1
Project("{2150E333-8FDC-42A3-9474-1A3956D46DE8}") = "Services", "Services", "{71C6139C-5EAF-42AC-8495-E8C0E741ED7E}"
EndProject
Project("{2150E333-8FDC-42A3-9474-1A3956D46DE8}") = "Catalog", "Catalog", "{A62A8E44-2E3F-4ABF-9380-58A4C588BBE6}"
EndProject
Project("{9A19103F-16F7-4668-BE54-9A1E7A4F7556}") = "MultiShop.Catalog", "Services\Catalog\MultiShop.Catalog\MultiShop.Catalog.csproj", "{966D5527-92DF-4415-A9A0-E13C120BD491}"
EndProject
Project("{2150E333-8FDC-42A3-9474-1A3956D46DE8}") = "Discount", "Discount", "{CB47E4D3-E0B8-4C84-B0FE-EEB87D194E5C}"
EndProject
Project("{9A19103F-16F7-4668-BE54-9A1E7A4F7556}") = "MultiShop.Discount", "Services\Discount\MultiShop.Discount\MultiShop.Discount.csproj", "{8768331D-3A11-4EFE-9005-10824C204442}"
EndProject
Project("{2150E333-8FDC-42A3-9474-1A3956D46DE8}") = "Order", "Order", "{BB8A3A38-D902-47E9-B3C4-7DDA08D45B6F}"
EndProject
Project("{2150E333-8FDC-42A3-9474-1A3956D46DE8}") = "Core", "Core", "{1FE586D0-C9C3-4CC2-88DD-5A14EC42F257}"
EndProject
Project("{2150E333-8FDC-42A3-9474-1A3956D46DE8}") = "Infrastructure", "Infrastructure", "{AAFC8DF6-7DF3-40DB-8A30-5BFD54B51702}"
EndProject
Project("{2150E333-8FDC-42A3-9474-1A3956D46DE8}") = "Presentation", "Presentation", "{1B3712F4-2DF3-451C-8BCB-6F2C3F895276}"
EndProject
Project("{9A19103F-16F7-4668-BE54-9A1E7A4F7556}") = "MultiShop.Order.Application", "Services\Order\Core\MultiShop.Order.Application\MultiShop.Order.Application.csproj", "{87DE6609-BB30-4C66-95FD-91029BD7340E}"
EndProject
Project("{9A19103F-16F7-4668-BE54-9A1E7A4F7556}") = "MultiShop.Order.Domain", "Services\Order\Core\MultiShop.Order.Domain\MultiShop.Order.Domain.csproj", "{33546A68-8C5D-4B83-8A40-D3A0B8C8749E}"
EndProject
Project("{9A19103F-16F7-4668-BE54-9A1E7A4F7556}") = "MultiShop.Order.Persistence", "Services\Order\Infrastructure\MultiShop.Order.Persistence\MultiShop.Order.Persistence.csproj", "{5B3AEADB-DA48-43EB-AF70-AF5E4F55EFCD}"
EndProject
Project("{9A19103F-16F7-4668-BE54-9A1E7A4F7556}") = "MultiShop.Order.WebApi", "Services\Order\Presentation\MultiShop.Order.WebApi\MultiShop.Order.WebApi.csproj", "{85CA3728-AACF-4E88-898A-010CE12B6556}"
EndProject
Project("{2150E333-8FDC-42A3-9474-1A3956D46DE8}") = "IdentityServer", "IdentityServer", "{D41F9467-4DE7-4C96-9C1D-8FE5D194F8D7}"
EndProject
Project("{9A19103F-16F7-4668-BE54-9A1E7A4F7556}") = "MultiShop.IdentityServer", "IdentityServer\MultiShop.IdentityServer\MultiShop.IdentityServer.csproj", "{28FFEA03-93BE-4E08-A27E-59F5643F0715}"
EndProject
Project("{2150E333-8FDC-42A3-9474-1A3956D46DE8}") = "Cargo", "Cargo", "{5534C826-FD46-403A-99F5-DD62E8699341}"
EndProject
Project("{FAE04EC0-301F-11D3-BF4B-00C04F79EFBC}") = "MultiShop.Cargo.EntityLayer", "Services\Cargo\MultiShop.Cargo.EntityLayer\MultiShop.Cargo.EntityLayer.csproj", "{5E42F3E9-A5B3-4BF3-AEDC-5DA437988056}"
EndProject
Project("{FAE04EC0-301F-11D3-BF4B-00C04F79EFBC}") = "MultiShop.Cargo.BusinessLayer", "Services\Cargo\MultiShop.Cargo.BusinessLayer\MultiShop.Cargo.BusinessLayer.csproj", "{3F3260BA-1BEF-469D-A52A-6E8E87911748}"
EndProject
Project("{FAE04EC0-301F-11D3-BF4B-00C04F79EFBC}") = "MultiShop.Cargo.DataAccessLayer", "Services\Cargo\MultiShop.Cargo.DataAccessLayer\MultiShop.Cargo.DataAccessLayer.csproj", "{F1D8D577-9F61-4217-9259-B1642A3DEF91}"
EndProject
Project("{FAE04EC0-301F-11D3-BF4B-00C04F79EFBC}") = "MultiShop.Cargo.DtoLayer", "Services\Cargo\MultiShop.Cargo.DtoLayer\MultiShop.Cargo.DtoLayer.csproj", "{8D36C34C-0A0B-4892-91AA-3A7D7F1DE860}"
EndProject
Project("{FAE04EC0-301F-11D3-BF4B-00C04F79EFBC}") = "MultiShop.Cargo.WebApi", "Services\Cargo\MultiShop.Cargo.WebApi\MultiShop.Cargo.WebApi.csproj", "{E726EED6-7C65-463C-8DF6-D7F8A904E427}"
EndProject
Global
	GlobalSection(SolutionConfigurationPlatforms) = preSolution
		Debug|Any CPU = Debug|Any CPU
		Release|Any CPU = Release|Any CPU
	EndGlobalSection
	GlobalSection(ProjectConfigurationPlatforms) = postSolution
		{966D5527-92DF-4415-A9A0-E13C120BD491}.Debug|Any CPU.ActiveCfg = Debug|Any CPU
		{966D5527-92DF-4415-A9A0-E13C120BD491}.Debug|Any CPU.Build.0 = Debug|Any CPU
		{966D5527-92DF-4415-A9A0-E13C120BD491}.Release|Any CPU.ActiveCfg = Release|Any CPU
		{966D5527-92DF-4415-A9A0-E13C120BD491}.Release|Any CPU.Build.0 = Release|Any CPU
		{8768331D-3A11-4EFE-9005-10824C204442}.Debug|Any CPU.ActiveCfg = Debug|Any CPU
		{8768331D-3A11-4EFE-9005-10824C204442}.Debug|Any CPU.Build.0 = Debug|Any CPU
		{8768331D-3A11-4EFE-9005-10824C204442}.Release|Any CPU.ActiveCfg = Release|Any CPU
		{8768331D-3A11-4EFE-9005-10824C204442}.Release|Any CPU.Build.0 = Release|Any CPU
		{87DE6609-BB30-4C66-95FD-91029BD7340E}.Debug|Any CPU.ActiveCfg = Debug|Any CPU
		{87DE6609-BB30-4C66-95FD-91029BD7340E}.Debug|Any CPU.Build.0 = Debug|Any CPU
		{87DE6609-BB30-4C66-95FD-91029BD7340E}.Release|Any CPU.ActiveCfg = Release|Any CPU
		{87DE6609-BB30-4C66-95FD-91029BD7340E}.Release|Any CPU.Build.0 = Release|Any CPU
		{33546A68-8C5D-4B83-8A40-D3A0B8C8749E}.Debug|Any CPU.ActiveCfg = Debug|Any CPU
		{33546A68-8C5D-4B83-8A40-D3A0B8C8749E}.Debug|Any CPU.Build.0 = Debug|Any CPU
		{33546A68-8C5D-4B83-8A40-D3A0B8C8749E}.Release|Any CPU.ActiveCfg = Release|Any CPU
		{33546A68-8C5D-4B83-8A40-D3A0B8C8749E}.Release|Any CPU.Build.0 = Release|Any CPU
		{5B3AEADB-DA48-43EB-AF70-AF5E4F55EFCD}.Debug|Any CPU.ActiveCfg = Debug|Any CPU
		{5B3AEADB-DA48-43EB-AF70-AF5E4F55EFCD}.Debug|Any CPU.Build.0 = Debug|Any CPU
		{5B3AEADB-DA48-43EB-AF70-AF5E4F55EFCD}.Release|Any CPU.ActiveCfg = Release|Any CPU
		{5B3AEADB-DA48-43EB-AF70-AF5E4F55EFCD}.Release|Any CPU.Build.0 = Release|Any CPU
		{85CA3728-AACF-4E88-898A-010CE12B6556}.Debug|Any CPU.ActiveCfg = Debug|Any CPU
		{85CA3728-AACF-4E88-898A-010CE12B6556}.Debug|Any CPU.Build.0 = Debug|Any CPU
		{85CA3728-AACF-4E88-898A-010CE12B6556}.Release|Any CPU.ActiveCfg = Release|Any CPU
		{85CA3728-AACF-4E88-898A-010CE12B6556}.Release|Any CPU.Build.0 = Release|Any CPU
		{28FFEA03-93BE-4E08-A27E-59F5643F0715}.Debug|Any CPU.ActiveCfg = Debug|Any CPU
		{28FFEA03-93BE-4E08-A27E-59F5643F0715}.Debug|Any CPU.Build.0 = Debug|Any CPU
		{28FFEA03-93BE-4E08-A27E-59F5643F0715}.Release|Any CPU.ActiveCfg = Release|Any CPU
		{28FFEA03-93BE-4E08-A27E-59F5643F0715}.Release|Any CPU.Build.0 = Release|Any CPU
		{5E42F3E9-A5B3-4BF3-AEDC-5DA437988056}.Debug|Any CPU.ActiveCfg = Debug|Any CPU
		{5E42F3E9-A5B3-4BF3-AEDC-5DA437988056}.Debug|Any CPU.Build.0 = Debug|Any CPU
		{5E42F3E9-A5B3-4BF3-AEDC-5DA437988056}.Release|Any CPU.ActiveCfg = Release|Any CPU
		{5E42F3E9-A5B3-4BF3-AEDC-5DA437988056}.Release|Any CPU.Build.0 = Release|Any CPU
		{3F3260BA-1BEF-469D-A52A-6E8E87911748}.Debug|Any CPU.ActiveCfg = Debug|Any CPU
		{3F3260BA-1BEF-469D-A52A-6E8E87911748}.Debug|Any CPU.Build.0 = Debug|Any CPU
		{3F3260BA-1BEF-469D-A52A-6E8E87911748}.Release|Any CPU.ActiveCfg = Release|Any CPU
		{3F3260BA-1BEF-469D-A52A-6E8E87911748}.Release|Any CPU.Build.0 = Release|Any CPU
		{F1D8D577-9F61-4217-9259-B1642A3DEF91}.Debug|Any CPU.ActiveCfg = Debug|Any CPU
		{F1D8D577-9F61-4217-9259-B1642A3DEF91}.Debug|Any CPU.Build.0 = Debug|Any CPU
		{F1D8D577-9F61-4217-9259-B1642A3DEF91}.Release|Any CPU.ActiveCfg = Release|Any CPU
		{F1D8D577-9F61-4217-9259-B1642A3DEF91}.Release|Any CPU.Build.0 = Release|Any CPU
		{8D36C34C-0A0B-4892-91AA-3A7D7F1DE860}.Debug|Any CPU.ActiveCfg = Debug|Any CPU
		{8D36C34C-0A0B-4892-91AA-3A7D7F1DE860}.Debug|Any CPU.Build.0 = Debug|Any CPU
		{8D36C34C-0A0B-4892-91AA-3A7D7F1DE860}.Release|Any CPU.ActiveCfg = Release|Any CPU
		{8D36C34C-0A0B-4892-91AA-3A7D7F1DE860}.Release|Any CPU.Build.0 = Release|Any CPU
		{E726EED6-7C65-463C-8DF6-D7F8A904E427}.Debug|Any CPU.ActiveCfg = Debug|Any CPU
		{E726EED6-7C65-463C-8DF6-D7F8A904E427}.Debug|Any CPU.Build.0 = Debug|Any CPU
		{E726EED6-7C65-463C-8DF6-D7F8A904E427}.Release|Any CPU.ActiveCfg = Release|Any CPU
		{E726EED6-7C65-463C-8DF6-D7F8A904E427}.Release|Any CPU.Build.0 = Release|Any CPU
	EndGlobalSection
	GlobalSection(SolutionProperties) = preSolution
		HideSolutionNode = FALSE
	EndGlobalSection
	GlobalSection(NestedProjects) = preSolution
		{A62A8E44-2E3F-4ABF-9380-58A4C588BBE6} = {71C6139C-5EAF-42AC-8495-E8C0E741ED7E}
		{966D5527-92DF-4415-A9A0-E13C120BD491} = {A62A8E44-2E3F-4ABF-9380-58A4C588BBE6}
		{CB47E4D3-E0B8-4C84-B0FE-EEB87D194E5C} = {71C6139C-5EAF-42AC-8495-E8C0E741ED7E}
		{8768331D-3A11-4EFE-9005-10824C204442} = {CB47E4D3-E0B8-4C84-B0FE-EEB87D194E5C}
		{BB8A3A38-D902-47E9-B3C4-7DDA08D45B6F} = {71C6139C-5EAF-42AC-8495-E8C0E741ED7E}
		{1FE586D0-C9C3-4CC2-88DD-5A14EC42F257} = {BB8A3A38-D902-47E9-B3C4-7DDA08D45B6F}
		{AAFC8DF6-7DF3-40DB-8A30-5BFD54B51702} = {BB8A3A38-D902-47E9-B3C4-7DDA08D45B6F}
		{1B3712F4-2DF3-451C-8BCB-6F2C3F895276} = {BB8A3A38-D902-47E9-B3C4-7DDA08D45B6F}
		{87DE6609-BB30-4C66-95FD-91029BD7340E} = {1FE586D0-C9C3-4CC2-88DD-5A14EC42F257}
		{33546A68-8C5D-4B83-8A40-D3A0B8C8749E} = {1FE586D0-C9C3-4CC2-88DD-5A14EC42F257}
		{5B3AEADB-DA48-43EB-AF70-AF5E4F55EFCD} = {AAFC8DF6-7DF3-40DB-8A30-5BFD54B51702}
		{85CA3728-AACF-4E88-898A-010CE12B6556} = {1B3712F4-2DF3-451C-8BCB-6F2C3F895276}
		{28FFEA03-93BE-4E08-A27E-59F5643F0715} = {D41F9467-4DE7-4C96-9C1D-8FE5D194F8D7}
		{5534C826-FD46-403A-99F5-DD62E8699341} = {71C6139C-5EAF-42AC-8495-E8C0E741ED7E}
		{5E42F3E9-A5B3-4BF3-AEDC-5DA437988056} = {5534C826-FD46-403A-99F5-DD62E8699341}
		{3F3260BA-1BEF-469D-A52A-6E8E87911748} = {5534C826-FD46-403A-99F5-DD62E8699341}
		{F1D8D577-9F61-4217-9259-B1642A3DEF91} = {5534C826-FD46-403A-99F5-DD62E8699341}
		{8D36C34C-0A0B-4892-91AA-3A7D7F1DE860} = {5534C826-FD46-403A-99F5-DD62E8699341}
		{E726EED6-7C65-463C-8DF6-D7F8A904E427} = {5534C826-FD46-403A-99F5-DD62E8699341}
	EndGlobalSection
	GlobalSection(ExtensibilityGlobals) = postSolution
		SolutionGuid = {557860BB-7A03-4ADE-B2E6-CEAE3752CF7B}
	EndGlobalSection
EndGlobal
