
Microsoft Visual Studio Solution File, Format Version 12.00
# Visual Studio Version 17
VisualStudioVersion = 17.8.34511.84
MinimumVisualStudioVersion = 10.0.40219.1
Project("{2150E333-8FDC-42A3-9474-1A3956D46DE8}") = "Services", "Services", "{71C6139C-5EAF-42AC-8495-E8C0E741ED7E}"
EndProject
Project("{2150E333-8FDC-42A3-9474-1A3956D46DE8}") = "Catalog", "Catalog", "{A62A8E44-2E3F-4ABF-9380-58A4C588BBE6}"
EndProject
Project("{9A19103F-16F7-4668-BE54-9A1E7A4F7556}") = "MultiShop.Catalog", "Services\Catalog\MultiShop.Catalog\MultiShop.Catalog.csproj", "{966D5527-92DF-4415-A9A0-E13C120BD491}"
EndProject
Project("{2150E333-8FDC-42A3-9474-1A3956D46DE8}") = "Discount", "Discount", "{CB47E4D3-E0B8-4C84-B0FE-EEB87D194E5C}"
EndProject
Project("{9A19103F-16F7-4668-BE54-9A1E7A4F7556}") = "MultiShop.Discount", "Services\Discount\MultiShop.Discount\MultiShop.Discount.csproj", "{8768331D-3A11-4EFE-9005-10824C204442}"
EndProject
Project("{2150E333-8FDC-42A3-9474-1A3956D46DE8}") = "Order", "Order", "{BB8A3A38-D902-47E9-B3C4-7DDA08D45B6F}"
EndProject
Project("{2150E333-8FDC-42A3-9474-1A3956D46DE8}") = "Core", "Core", "{1FE586D0-C9C3-4CC2-88DD-5A14EC42F257}"
EndProject
Project("{2150E333-8FDC-42A3-9474-1A3956D46DE8}") = "Infrastructure", "Infrastructure", "{AAFC8DF6-7DF3-40DB-8A30-5BFD54B51702}"
EndProject
Project("{2150E333-8FDC-42A3-9474-1A3956D46DE8}") = "Presentation", "Presentation", "{1B3712F4-2DF3-451C-8BCB-6F2C3F895276}"
EndProject
Project("{9A19103F-16F7-4668-BE54-9A1E7A4F7556}") = "MultiShop.Order.Application", "Services\Order\Core\MultiShop.Order.Application\MultiShop.Order.Application.csproj", "{87DE6609-BB30-4C66-95FD-91029BD7340E}"
EndProject
Project("{9A19103F-16F7-4668-BE54-9A1E7A4F7556}") = "MultiShop.Order.Domain", "Services\Order\Core\MultiShop.Order.Domain\MultiShop.Order.Domain.csproj", "{33546A68-8C5D-4B83-8A40-D3A0B8C8749E}"
EndProject
Project("{9A19103F-16F7-4668-BE54-9A1E7A4F7556}") = "MultiShop.Order.Persistence", "Services\Order\Infrastructure\MultiShop.Order.Persistence\MultiShop.Order.Persistence.csproj", "{5B3AEADB-DA48-43EB-AF70-AF5E4F55EFCD}"
EndProject
Project("{9A19103F-16F7-4668-BE54-9A1E7A4F7556}") = "MultiShop.Order.WebApi", "Services\Order\Presentation\MultiShop.Order.WebApi\MultiShop.Order.WebApi.csproj", "{85CA3728-AACF-4E88-898A-010CE12B6556}"
EndProject
Project("{2150E333-8FDC-42A3-9474-1A3956D46DE8}") = "IdentityServer", "IdentityServer", "{D41F9467-4DE7-4C96-9C1D-8FE5D194F8D7}"
EndProject
Project("{9A19103F-16F7-4668-BE54-9A1E7A4F7556}") = "MultiShop.IdentityServer", "IdentityServer\MultiShop.IdentityServer\MultiShop.IdentityServer.csproj", "{28FFEA03-93BE-4E08-A27E-59F5643F0715}"
EndProject
Project("{2150E333-8FDC-42A3-9474-1A3956D46DE8}") = "Cargo", "Cargo", "{5534C826-FD46-403A-99F5-DD62E8699341}"
EndProject
Project("{9A19103F-16F7-4668-BE54-9A1E7A4F7556}") = "MultiShop.Cargo.EntityLayer", "Services\Cargo\MultiShop.Cargo.EntityLayer\MultiShop.Cargo.EntityLayer.csproj", "{5E42F3E9-A5B3-4BF3-AEDC-5DA437988056}"
EndProject
Project("{9A19103F-16F7-4668-BE54-9A1E7A4F7556}") = "MultiShop.Cargo.BusinessLayer", "Services\Cargo\MultiShop.Cargo.BusinessLayer\MultiShop.Cargo.BusinessLayer.csproj", "{3F3260BA-1BEF-469D-A52A-6E8E87911748}"
EndProject
Project("{9A19103F-16F7-4668-BE54-9A1E7A4F7556}") = "MultiShop.Cargo.DataAccessLayer", "Services\Cargo\MultiShop.Cargo.DataAccessLayer\MultiShop.Cargo.DataAccessLayer.csproj", "{F1D8D577-9F61-4217-9259-B1642A3DEF91}"
EndProject
Project("{9A19103F-16F7-4668-BE54-9A1E7A4F7556}") = "MultiShop.Cargo.DtoLayer", "Services\Cargo\MultiShop.Cargo.DtoLayer\MultiShop.Cargo.DtoLayer.csproj", "{8D36C34C-0A0B-4892-91AA-3A7D7F1DE860}"
EndProject
Project("{9A19103F-16F7-4668-BE54-9A1E7A4F7556}") = "MultiShop.Cargo.WebApi", "Services\Cargo\MultiShop.Cargo.WebApi\MultiShop.Cargo.WebApi.csproj", "{E726EED6-7C65-463C-8DF6-D7F8A904E427}"
EndProject
Project("{2150E333-8FDC-42A3-9474-1A3956D46DE8}") = "Basket", "Basket", "{C8DA2E39-DFD0-4EF9-8F75-3E295D283C38}"
EndProject
Project("{9A19103F-16F7-4668-BE54-9A1E7A4F7556}") = "MultiShop.Basket", "Services\Basket\MultiShop.Basket\MultiShop.Basket.csproj", "{AA71C60F-1EC0-49B7-851E-EB293E854670}"
EndProject
Project("{2150E333-8FDC-42A3-9474-1A3956D46DE8}") = "Frontends", "Frontends", "{F7CA1CEB-E8D5-40CB-B58F-DE692432FA11}"
EndProject
Project("{9A19103F-16F7-4668-BE54-9A1E7A4F7556}") = "MultiShop.WebUI", "Frontends\MultiShop.WebUI\MultiShop.WebUI.csproj", "{FB588C65-0705-4F8E-9C56-595BE4AA55D8}"
EndProject
Project("{9A19103F-16F7-4668-BE54-9A1E7A4F7556}") = "MultiShop.DtoLayer", "Frontends\MultiShop.DtoLayer\MultiShop.DtoLayer.csproj", "{C1146F22-A269-4CA3-AB17-0C4C90EBC039}"
EndProject
Project("{2150E333-8FDC-42A3-9474-1A3956D46DE8}") = "Comment", "Comment", "{6601D318-52DF-4B26-A983-60D30F2ED529}"
EndProject
Project("{9A19103F-16F7-4668-BE54-9A1E7A4F7556}") = "MultiShop.Comment", "Services\Comment\MultiShop.Comment\MultiShop.Comment.csproj", "{3AD471E0-56F7-4010-882C-BA0CEA96FE8B}"
EndProject
Project("{2150E333-8FDC-42A3-9474-1A3956D46DE8}") = "ApiGateway", "ApiGateway", "{D50E0C5A-7626-4322-A4E4-2BAF2212A522}"
EndProject
Project("{2150E333-8FDC-42A3-9474-1A3956D46DE8}") = "RapidApi", "RapidApi", "{72CAA66F-408E-46CE-9306-CB0B5777ABB2}"
EndProject
Project("{9A19103F-16F7-4668-BE54-9A1E7A4F7556}") = "MultiShop.OcelotGateway", "ApiGateway\MultiShop.OcelotGateway\MultiShop.OcelotGateway.csproj", "{AF962940-2710-42E9-A550-8BC1CD6612CA}"
EndProject
Project("{2150E333-8FDC-42A3-9474-1A3956D46DE8}") = "Payment", "Payment", "{CFFD0AE6-BE46-41EF-97C6-53C85E5E055D}"
EndProject
Project("{9A19103F-16F7-4668-BE54-9A1E7A4F7556}") = "MultiShop.Payment", "Services\Payment\MultiShop.Payment\MultiShop.Payment.csproj", "{F5CC2650-849E-4FD7-8503-5157BDE5F0EF}"
EndProject
Project("{2150E333-8FDC-42A3-9474-1A3956D46DE8}") = "Images", "Images", "{0CF4CF01-FF7F-4461-A890-E2F333BB985D}"
EndProject
Project("{9A19103F-16F7-4668-BE54-9A1E7A4F7556}") = "MultiShop.Images", "Services\Images\MultiShop.Images\MultiShop.Images.csproj", "{A77C0CDC-359C-4911-8CAD-CA6D803893D0}"
EndProject
Project("{2150E333-8FDC-42A3-9474-1A3956D46DE8}") = "Message", "Message", "{79E7EA87-9A1B-4B80-B66D-91A9488835EF}"
EndProject
Project("{FAE04EC0-301F-11D3-BF4B-00C04F79EFBC}") = "MultiShop.Message", "Services\Message\MultiShop.Message\MultiShop.Message.csproj", "{E25D8EDF-7B52-45D1-B713-1D06DEEC9AB8}"
EndProject
Global
	GlobalSection(SolutionConfigurationPlatforms) = preSolution
		Debug|Any CPU = Debug|Any CPU
		Release|Any CPU = Release|Any CPU
	EndGlobalSection
	GlobalSection(ProjectConfigurationPlatforms) = postSolution
		{966D5527-92DF-4415-A9A0-E13C120BD491}.Debug|Any CPU.ActiveCfg = Debug|Any CPU
		{966D5527-92DF-4415-A9A0-E13C120BD491}.Debug|Any CPU.Build.0 = Debug|Any CPU
		{966D5527-92DF-4415-A9A0-E13C120BD491}.Release|Any CPU.ActiveCfg = Release|Any CPU
		{966D5527-92DF-4415-A9A0-E13C120BD491}.Release|Any CPU.Build.0 = Release|Any CPU
		{8768331D-3A11-4EFE-9005-10824C204442}.Debug|Any CPU.ActiveCfg = Debug|Any CPU
		{8768331D-3A11-4EFE-9005-10824C204442}.Debug|Any CPU.Build.0 = Debug|Any CPU
		{8768331D-3A11-4EFE-9005-10824C204442}.Release|Any CPU.ActiveCfg = Release|Any CPU
		{8768331D-3A11-4EFE-9005-10824C204442}.Release|Any CPU.Build.0 = Release|Any CPU
		{87DE6609-BB30-4C66-95FD-91029BD7340E}.Debug|Any CPU.ActiveCfg = Debug|Any CPU
		{87DE6609-BB30-4C66-95FD-91029BD7340E}.Debug|Any CPU.Build.0 = Debug|Any CPU
		{87DE6609-BB30-4C66-95FD-91029BD7340E}.Release|Any CPU.ActiveCfg = Release|Any CPU
		{87DE6609-BB30-4C66-95FD-91029BD7340E}.Release|Any CPU.Build.0 = Release|Any CPU
		{33546A68-8C5D-4B83-8A40-D3A0B8C8749E}.Debug|Any CPU.ActiveCfg = Debug|Any CPU
		{33546A68-8C5D-4B83-8A40-D3A0B8C8749E}.Debug|Any CPU.Build.0 = Debug|Any CPU
		{33546A68-8C5D-4B83-8A40-D3A0B8C8749E}.Release|Any CPU.ActiveCfg = Release|Any CPU
		{33546A68-8C5D-4B83-8A40-D3A0B8C8749E}.Release|Any CPU.Build.0 = Release|Any CPU
		{5B3AEADB-DA48-43EB-AF70-AF5E4F55EFCD}.Debug|Any CPU.ActiveCfg = Debug|Any CPU
		{5B3AEADB-DA48-43EB-AF70-AF5E4F55EFCD}.Debug|Any CPU.Build.0 = Debug|Any CPU
		{5B3AEADB-DA48-43EB-AF70-AF5E4F55EFCD}.Release|Any CPU.ActiveCfg = Release|Any CPU
		{5B3AEADB-DA48-43EB-AF70-AF5E4F55EFCD}.Release|Any CPU.Build.0 = Release|Any CPU
		{85CA3728-AACF-4E88-898A-010CE12B6556}.Debug|Any CPU.ActiveCfg = Debug|Any CPU
		{85CA3728-AACF-4E88-898A-010CE12B6556}.Debug|Any CPU.Build.0 = Debug|Any CPU
		{85CA3728-AACF-4E88-898A-010CE12B6556}.Release|Any CPU.ActiveCfg = Release|Any CPU
		{85CA3728-AACF-4E88-898A-010CE12B6556}.Release|Any CPU.Build.0 = Release|Any CPU
		{28FFEA03-93BE-4E08-A27E-59F5643F0715}.Debug|Any CPU.ActiveCfg = Debug|Any CPU
		{28FFEA03-93BE-4E08-A27E-59F5643F0715}.Debug|Any CPU.Build.0 = Debug|Any CPU
		{28FFEA03-93BE-4E08-A27E-59F5643F0715}.Release|Any CPU.ActiveCfg = Release|Any CPU
		{28FFEA03-93BE-4E08-A27E-59F5643F0715}.Release|Any CPU.Build.0 = Release|Any CPU
		{5E42F3E9-A5B3-4BF3-AEDC-5DA437988056}.Debug|Any CPU.ActiveCfg = Debug|Any CPU
		{5E42F3E9-A5B3-4BF3-AEDC-5DA437988056}.Debug|Any CPU.Build.0 = Debug|Any CPU
		{5E42F3E9-A5B3-4BF3-AEDC-5DA437988056}.Release|Any CPU.ActiveCfg = Release|Any CPU
		{5E42F3E9-A5B3-4BF3-AEDC-5DA437988056}.Release|Any CPU.Build.0 = Release|Any CPU
		{3F3260BA-1BEF-469D-A52A-6E8E87911748}.Debug|Any CPU.ActiveCfg = Debug|Any CPU
		{3F3260BA-1BEF-469D-A52A-6E8E87911748}.Debug|Any CPU.Build.0 = Debug|Any CPU
		{3F3260BA-1BEF-469D-A52A-6E8E87911748}.Release|Any CPU.ActiveCfg = Release|Any CPU
		{3F3260BA-1BEF-469D-A52A-6E8E87911748}.Release|Any CPU.Build.0 = Release|Any CPU
		{F1D8D577-9F61-4217-9259-B1642A3DEF91}.Debug|Any CPU.ActiveCfg = Debug|Any CPU
		{F1D8D577-9F61-4217-9259-B1642A3DEF91}.Debug|Any CPU.Build.0 = Debug|Any CPU
		{F1D8D577-9F61-4217-9259-B1642A3DEF91}.Release|Any CPU.ActiveCfg = Release|Any CPU
		{F1D8D577-9F61-4217-9259-B1642A3DEF91}.Release|Any CPU.Build.0 = Release|Any CPU
		{8D36C34C-0A0B-4892-91AA-3A7D7F1DE860}.Debug|Any CPU.ActiveCfg = Debug|Any CPU
		{8D36C34C-0A0B-4892-91AA-3A7D7F1DE860}.Debug|Any CPU.Build.0 = Debug|Any CPU
		{8D36C34C-0A0B-4892-91AA-3A7D7F1DE860}.Release|Any CPU.ActiveCfg = Release|Any CPU
		{8D36C34C-0A0B-4892-91AA-3A7D7F1DE860}.Release|Any CPU.Build.0 = Release|Any CPU
		{E726EED6-7C65-463C-8DF6-D7F8A904E427}.Debug|Any CPU.ActiveCfg = Debug|Any CPU
		{E726EED6-7C65-463C-8DF6-D7F8A904E427}.Debug|Any CPU.Build.0 = Debug|Any CPU
		{E726EED6-7C65-463C-8DF6-D7F8A904E427}.Release|Any CPU.ActiveCfg = Release|Any CPU
		{E726EED6-7C65-463C-8DF6-D7F8A904E427}.Release|Any CPU.Build.0 = Release|Any CPU
		{AA71C60F-1EC0-49B7-851E-EB293E854670}.Debug|Any CPU.ActiveCfg = Debug|Any CPU
		{AA71C60F-1EC0-49B7-851E-EB293E854670}.Debug|Any CPU.Build.0 = Debug|Any CPU
		{AA71C60F-1EC0-49B7-851E-EB293E854670}.Release|Any CPU.ActiveCfg = Release|Any CPU
		{AA71C60F-1EC0-49B7-851E-EB293E854670}.Release|Any CPU.Build.0 = Release|Any CPU
		{FB588C65-0705-4F8E-9C56-595BE4AA55D8}.Debug|Any CPU.ActiveCfg = Debug|Any CPU
		{FB588C65-0705-4F8E-9C56-595BE4AA55D8}.Debug|Any CPU.Build.0 = Debug|Any CPU
		{FB588C65-0705-4F8E-9C56-595BE4AA55D8}.Release|Any CPU.ActiveCfg = Release|Any CPU
		{FB588C65-0705-4F8E-9C56-595BE4AA55D8}.Release|Any CPU.Build.0 = Release|Any CPU
		{C1146F22-A269-4CA3-AB17-0C4C90EBC039}.Debug|Any CPU.ActiveCfg = Debug|Any CPU
		{C1146F22-A269-4CA3-AB17-0C4C90EBC039}.Debug|Any CPU.Build.0 = Debug|Any CPU
		{C1146F22-A269-4CA3-AB17-0C4C90EBC039}.Release|Any CPU.ActiveCfg = Release|Any CPU
		{C1146F22-A269-4CA3-AB17-0C4C90EBC039}.Release|Any CPU.Build.0 = Release|Any CPU
		{3AD471E0-56F7-4010-882C-BA0CEA96FE8B}.Debug|Any CPU.ActiveCfg = Debug|Any CPU
		{3AD471E0-56F7-4010-882C-BA0CEA96FE8B}.Debug|Any CPU.Build.0 = Debug|Any CPU
		{3AD471E0-56F7-4010-882C-BA0CEA96FE8B}.Release|Any CPU.ActiveCfg = Release|Any CPU
		{3AD471E0-56F7-4010-882C-BA0CEA96FE8B}.Release|Any CPU.Build.0 = Release|Any CPU
		{AF962940-2710-42E9-A550-8BC1CD6612CA}.Debug|Any CPU.ActiveCfg = Debug|Any CPU
		{AF962940-2710-42E9-A550-8BC1CD6612CA}.Debug|Any CPU.Build.0 = Debug|Any CPU
		{AF962940-2710-42E9-A550-8BC1CD6612CA}.Release|Any CPU.ActiveCfg = Release|Any CPU
		{AF962940-2710-42E9-A550-8BC1CD6612CA}.Release|Any CPU.Build.0 = Release|Any CPU
		{F5CC2650-849E-4FD7-8503-5157BDE5F0EF}.Debug|Any CPU.ActiveCfg = Debug|Any CPU
		{F5CC2650-849E-4FD7-8503-5157BDE5F0EF}.Debug|Any CPU.Build.0 = Debug|Any CPU
		{F5CC2650-849E-4FD7-8503-5157BDE5F0EF}.Release|Any CPU.ActiveCfg = Release|Any CPU
		{F5CC2650-849E-4FD7-8503-5157BDE5F0EF}.Release|Any CPU.Build.0 = Release|Any CPU
		{A77C0CDC-359C-4911-8CAD-CA6D803893D0}.Debug|Any CPU.ActiveCfg = Debug|Any CPU
		{A77C0CDC-359C-4911-8CAD-CA6D803893D0}.Debug|Any CPU.Build.0 = Debug|Any CPU
		{A77C0CDC-359C-4911-8CAD-CA6D803893D0}.Release|Any CPU.ActiveCfg = Release|Any CPU
		{A77C0CDC-359C-4911-8CAD-CA6D803893D0}.Release|Any CPU.Build.0 = Release|Any CPU
		{E25D8EDF-7B52-45D1-B713-1D06DEEC9AB8}.Debug|Any CPU.ActiveCfg = Debug|Any CPU
		{E25D8EDF-7B52-45D1-B713-1D06DEEC9AB8}.Debug|Any CPU.Build.0 = Debug|Any CPU
		{E25D8EDF-7B52-45D1-B713-1D06DEEC9AB8}.Release|Any CPU.ActiveCfg = Release|Any CPU
		{E25D8EDF-7B52-45D1-B713-1D06DEEC9AB8}.Release|Any CPU.Build.0 = Release|Any CPU
	EndGlobalSection
	GlobalSection(SolutionProperties) = preSolution
		HideSolutionNode = FALSE
	EndGlobalSection
	GlobalSection(NestedProjects) = preSolution
		{A62A8E44-2E3F-4ABF-9380-58A4C588BBE6} = {71C6139C-5EAF-42AC-8495-E8C0E741ED7E}
		{966D5527-92DF-4415-A9A0-E13C120BD491} = {A62A8E44-2E3F-4ABF-9380-58A4C588BBE6}
		{CB47E4D3-E0B8-4C84-B0FE-EEB87D194E5C} = {71C6139C-5EAF-42AC-8495-E8C0E741ED7E}
		{8768331D-3A11-4EFE-9005-10824C204442} = {CB47E4D3-E0B8-4C84-B0FE-EEB87D194E5C}
		{BB8A3A38-D902-47E9-B3C4-7DDA08D45B6F} = {71C6139C-5EAF-42AC-8495-E8C0E741ED7E}
		{1FE586D0-C9C3-4CC2-88DD-5A14EC42F257} = {BB8A3A38-D902-47E9-B3C4-7DDA08D45B6F}
		{AAFC8DF6-7DF3-40DB-8A30-5BFD54B51702} = {BB8A3A38-D902-47E9-B3C4-7DDA08D45B6F}
		{1B3712F4-2DF3-451C-8BCB-6F2C3F895276} = {BB8A3A38-D902-47E9-B3C4-7DDA08D45B6F}
		{87DE6609-BB30-4C66-95FD-91029BD7340E} = {1FE586D0-C9C3-4CC2-88DD-5A14EC42F257}
		{33546A68-8C5D-4B83-8A40-D3A0B8C8749E} = {1FE586D0-C9C3-4CC2-88DD-5A14EC42F257}
		{5B3AEADB-DA48-43EB-AF70-AF5E4F55EFCD} = {AAFC8DF6-7DF3-40DB-8A30-5BFD54B51702}
		{85CA3728-AACF-4E88-898A-010CE12B6556} = {1B3712F4-2DF3-451C-8BCB-6F2C3F895276}
		{28FFEA03-93BE-4E08-A27E-59F5643F0715} = {D41F9467-4DE7-4C96-9C1D-8FE5D194F8D7}
		{5534C826-FD46-403A-99F5-DD62E8699341} = {71C6139C-5EAF-42AC-8495-E8C0E741ED7E}
		{5E42F3E9-A5B3-4BF3-AEDC-5DA437988056} = {5534C826-FD46-403A-99F5-DD62E8699341}
		{3F3260BA-1BEF-469D-A52A-6E8E87911748} = {5534C826-FD46-403A-99F5-DD62E8699341}
		{F1D8D577-9F61-4217-9259-B1642A3DEF91} = {5534C826-FD46-403A-99F5-DD62E8699341}
		{8D36C34C-0A0B-4892-91AA-3A7D7F1DE860} = {5534C826-FD46-403A-99F5-DD62E8699341}
		{E726EED6-7C65-463C-8DF6-D7F8A904E427} = {5534C826-FD46-403A-99F5-DD62E8699341}
		{C8DA2E39-DFD0-4EF9-8F75-3E295D283C38} = {71C6139C-5EAF-42AC-8495-E8C0E741ED7E}
		{AA71C60F-1EC0-49B7-851E-EB293E854670} = {C8DA2E39-DFD0-4EF9-8F75-3E295D283C38}
		{FB588C65-0705-4F8E-9C56-595BE4AA55D8} = {F7CA1CEB-E8D5-40CB-B58F-DE692432FA11}
		{C1146F22-A269-4CA3-AB17-0C4C90EBC039} = {F7CA1CEB-E8D5-40CB-B58F-DE692432FA11}
		{6601D318-52DF-4B26-A983-60D30F2ED529} = {71C6139C-5EAF-42AC-8495-E8C0E741ED7E}
		{3AD471E0-56F7-4010-882C-BA0CEA96FE8B} = {6601D318-52DF-4B26-A983-60D30F2ED529}
		{AF962940-2710-42E9-A550-8BC1CD6612CA} = {D50E0C5A-7626-4322-A4E4-2BAF2212A522}
		{CFFD0AE6-BE46-41EF-97C6-53C85E5E055D} = {71C6139C-5EAF-42AC-8495-E8C0E741ED7E}
		{F5CC2650-849E-4FD7-8503-5157BDE5F0EF} = {CFFD0AE6-BE46-41EF-97C6-53C85E5E055D}
		{0CF4CF01-FF7F-4461-A890-E2F333BB985D} = {71C6139C-5EAF-42AC-8495-E8C0E741ED7E}
		{A77C0CDC-359C-4911-8CAD-CA6D803893D0} = {0CF4CF01-FF7F-4461-A890-E2F333BB985D}
		{79E7EA87-9A1B-4B80-B66D-91A9488835EF} = {71C6139C-5EAF-42AC-8495-E8C0E741ED7E}
		{E25D8EDF-7B52-45D1-B713-1D06DEEC9AB8} = {79E7EA87-9A1B-4B80-B66D-91A9488835EF}
	EndGlobalSection
	GlobalSection(ExtensibilityGlobals) = postSolution
		SolutionGuid = {557860BB-7A03-4ADE-B2E6-CEAE3752CF7B}
	EndGlobalSection
EndGlobal
